
Microsoft Visual Studio Solution File, Format Version 12.00
# Visual Studio Version 16
VisualStudioVersion = 16.0.30907.101
MinimumVisualStudioVersion = 10.0.40219.1
Project("{9A19103F-16F7-4668-BE54-9A1E7A4F7556}") = "cursoMVC", "cursoMVC\cursoMVC.csproj", "{DCC9D0E9-3C19-4AE0-B8D1-669B18D0F097}"
EndProject
Project("{FAE04EC0-301F-11D3-BF4B-00C04F79EFBC}") = "CursoApi", "CursoApi\CursoApi.csproj", "{30FC4EF8-10D7-431B-AD34-831662EB8E03}"
EndProject
Project("{FAE04EC0-301F-11D3-BF4B-00C04F79EFBC}") = "CursoTest", "CursoTest\CursoTest.csproj", "{665A4F79-A22D-4530-9809-8CC8C7219F6A}"
EndProject
Global
	GlobalSection(SolutionConfigurationPlatforms) = preSolution
		Debug|Any CPU = Debug|Any CPU
		Release|Any CPU = Release|Any CPU
	EndGlobalSection
	GlobalSection(ProjectConfigurationPlatforms) = postSolution
		{DCC9D0E9-3C19-4AE0-B8D1-669B18D0F097}.Debug|Any CPU.ActiveCfg = Debug|Any CPU
		{DCC9D0E9-3C19-4AE0-B8D1-669B18D0F097}.Debug|Any CPU.Build.0 = Debug|Any CPU
		{DCC9D0E9-3C19-4AE0-B8D1-669B18D0F097}.Release|Any CPU.ActiveCfg = Release|Any CPU
		{DCC9D0E9-3C19-4AE0-B8D1-669B18D0F097}.Release|Any CPU.Build.0 = Release|Any CPU
		{30FC4EF8-10D7-431B-AD34-831662EB8E03}.Debug|Any CPU.ActiveCfg = Debug|Any CPU
		{30FC4EF8-10D7-431B-AD34-831662EB8E03}.Debug|Any CPU.Build.0 = Debug|Any CPU
		{30FC4EF8-10D7-431B-AD34-831662EB8E03}.Release|Any CPU.ActiveCfg = Release|Any CPU
		{30FC4EF8-10D7-431B-AD34-831662EB8E03}.Release|Any CPU.Build.0 = Release|Any CPU
		{665A4F79-A22D-4530-9809-8CC8C7219F6A}.Debug|Any CPU.ActiveCfg = Debug|Any CPU
		{665A4F79-A22D-4530-9809-8CC8C7219F6A}.Debug|Any CPU.Build.0 = Debug|Any CPU
		{665A4F79-A22D-4530-9809-8CC8C7219F6A}.Release|Any CPU.ActiveCfg = Release|Any CPU
		{665A4F79-A22D-4530-9809-8CC8C7219F6A}.Release|Any CPU.Build.0 = Release|Any CPU
	EndGlobalSection
	GlobalSection(SolutionProperties) = preSolution
		HideSolutionNode = FALSE
	EndGlobalSection
	GlobalSection(ExtensibilityGlobals) = postSolution
		SolutionGuid = {C3D2C13B-63DA-472B-B591-C41371B184F6}
	EndGlobalSection
EndGlobal
